
Microsoft Visual Studio Solution File, Format Version 12.00
# Visual Studio Version 17
VisualStudioVersion = 17.13.35828.75 d17.13
MinimumVisualStudioVersion = 10.0.40219.1
Project("{FAE04EC0-301F-11D3-BF4B-00C04F79EFBC}") = "ClientStateManagement", "ClientStateManagement.csproj", "{51AF18D1-7938-4926-809E-39707151884B}"
EndProject
Global
	GlobalSection(SolutionConfigurationPlatforms) = preSolution
		Debug|Any CPU = Debug|Any CPU
		Release|Any CPU = Release|Any CPU
	EndGlobalSection
	GlobalSection(ProjectConfigurationPlatforms) = postSolution
		{51AF18D1-7938-4926-809E-39707151884B}.Debug|Any CPU.ActiveCfg = Debug|Any CPU
		{51AF18D1-7938-4926-809E-39707151884B}.Debug|Any CPU.Build.0 = Debug|Any CPU
		{51AF18D1-7938-4926-809E-39707151884B}.Release|Any CPU.ActiveCfg = Release|Any CPU
		{51AF18D1-7938-4926-809E-39707151884B}.Release|Any CPU.Build.0 = Release|Any CPU
	EndGlobalSection
	GlobalSection(SolutionProperties) = preSolution
		HideSolutionNode = FALSE
	EndGlobalSection
	GlobalSection(ExtensibilityGlobals) = postSolution
		SolutionGuid = {7FA3A6B5-A5B0-4BB8-8F3E-834665696FE3}
	EndGlobalSection
EndGlobal
